
Microsoft Visual Studio Solution File, Format Version 12.00
# Visual Studio Version 16
VisualStudioVersion = 16.0.34114.132
MinimumVisualStudioVersion = 10.0.40219.1
Project("{FAE04EC0-301F-11D3-BF4B-00C04F79EFBC}") = "biodata_mahasiswa", "biodata_mahasiswa\biodata_mahasiswa.csproj", "{033ABB97-96F6-40CC-BB23-B412DB41C357}"
EndProject
Global
	GlobalSection(SolutionConfigurationPlatforms) = preSolution
		Debug|Any CPU = Debug|Any CPU
		Release|Any CPU = Release|Any CPU
	EndGlobalSection
	GlobalSection(ProjectConfigurationPlatforms) = postSolution
		{033ABB97-96F6-40CC-BB23-B412DB41C357}.Debug|Any CPU.ActiveCfg = Debug|Any CPU
		{033ABB97-96F6-40CC-BB23-B412DB41C357}.Debug|Any CPU.Build.0 = Debug|Any CPU
		{033ABB97-96F6-40CC-BB23-B412DB41C357}.Release|Any CPU.ActiveCfg = Release|Any CPU
		{033ABB97-96F6-40CC-BB23-B412DB41C357}.Release|Any CPU.Build.0 = Release|Any CPU
	EndGlobalSection
	GlobalSection(SolutionProperties) = preSolution
		HideSolutionNode = FALSE
	EndGlobalSection
	GlobalSection(ExtensibilityGlobals) = postSolution
		SolutionGuid = {C7D00DE1-86A9-4579-B735-3D4E76B6A63C}
	EndGlobalSection
EndGlobal
